dependencies:
  idf:
    component_hash: null
    source:
      type: idf
    version: 5.1.2
  lvgl/lvgl:
    component_hash: d7c1ac037ae6e85d94897f807d6e7ba0946a83e720074fc95a4f6241da9f9f53
    source:
      service_url: https://api.components.espressif.com/
      type: service
    version: 8.4.0
manifest_hash: 0620855c6a4d32f6e6b73312944a13e11545d81bdf772396547a644556ee9aa7
target: esp32s3
version: 1.0.0
